
Microsoft Visual Studio Solution File, Format Version 12.00
# Visual Studio 2012
Project("{FAE04EC0-301F-11D3-BF4B-00C04F79EFBC}") = "CCBoise.iOSApp", "CCBoise.iOSApp\CCBoise.iOSApp.csproj", "{32CAF954-C0B7-46E8-81AB-7DA822A27C44}"
EndProject
Project("{FAE04EC0-301F-11D3-BF4B-00C04F79EFBC}") = "CCBoise.Core", "CCBoise.Core\CCBoise.Core.csproj", "{C99DA1D4-5B1D-4388-B2B2-E2F8451479F6}"
EndProject
Project("{FAE04EC0-301F-11D3-BF4B-00C04F79EFBC}") = "CCBoise.Data", "CCBoise.Data\CCBoise.Data.csproj", "{89DC061B-1853-4100-AADF-EC051F4A21C0}"
EndProject
Global
	GlobalSection(SolutionConfigurationPlatforms) = preSolution
		AdHoc|Any CPU = AdHoc|Any CPU
		Ad-Hoc|Any CPU = Ad-Hoc|Any CPU
		AdHoc|iPhone = AdHoc|iPhone
		Ad-Hoc|iPhone = Ad-Hoc|iPhone
		AdHoc|iPhoneSimulator = AdHoc|iPhoneSimulator
		Ad-Hoc|iPhoneSimulator = Ad-Hoc|iPhoneSimulator
		AdHoc|Mixed Platforms = AdHoc|Mixed Platforms
		Ad-Hoc|Mixed Platforms = Ad-Hoc|Mixed Platforms
		AppStore|Any CPU = AppStore|Any CPU
		AppStore|iPhone = AppStore|iPhone
		AppStore|iPhoneSimulator = AppStore|iPhoneSimulator
		AppStore|Mixed Platforms = AppStore|Mixed Platforms
		Debug|Any CPU = Debug|Any CPU
		Debug|iPhone = Debug|iPhone
		Debug|iPhoneSimulator = Debug|iPhoneSimulator
		Debug|Mixed Platforms = Debug|Mixed Platforms
		Release|Any CPU = Release|Any CPU
		Release|iPhone = Release|iPhone
		Release|iPhoneSimulator = Release|iPhoneSimulator
		Release|Mixed Platforms = Release|Mixed Platforms
	EndGlobalSection
	GlobalSection(ProjectConfigurationPlatforms) = postSolution
		{32CAF954-C0B7-46E8-81AB-7DA822A27C44}.AdHoc|Any CPU.ActiveCfg = Ad-Hoc|iPhoneSimulator
		{32CAF954-C0B7-46E8-81AB-7DA822A27C44}.Ad-Hoc|Any CPU.ActiveCfg = Ad-Hoc|iPhone
		{32CAF954-C0B7-46E8-81AB-7DA822A27C44}.Ad-Hoc|Any CPU.Build.0 = Ad-Hoc|iPhone
		{32CAF954-C0B7-46E8-81AB-7DA822A27C44}.AdHoc|iPhone.ActiveCfg = Ad-Hoc|iPhone
		{32CAF954-C0B7-46E8-81AB-7DA822A27C44}.AdHoc|iPhone.Build.0 = Ad-Hoc|iPhone
		{32CAF954-C0B7-46E8-81AB-7DA822A27C44}.Ad-Hoc|iPhone.ActiveCfg = Ad-Hoc|iPhone
		{32CAF954-C0B7-46E8-81AB-7DA822A27C44}.Ad-Hoc|iPhone.Build.0 = Ad-Hoc|iPhone
		{32CAF954-C0B7-46E8-81AB-7DA822A27C44}.AdHoc|iPhoneSimulator.ActiveCfg = Ad-Hoc|iPhoneSimulator
		{32CAF954-C0B7-46E8-81AB-7DA822A27C44}.AdHoc|iPhoneSimulator.Build.0 = Ad-Hoc|iPhoneSimulator
		{32CAF954-C0B7-46E8-81AB-7DA822A27C44}.Ad-Hoc|iPhoneSimulator.ActiveCfg = Debug|iPhoneSimulator
		{32CAF954-C0B7-46E8-81AB-7DA822A27C44}.Ad-Hoc|iPhoneSimulator.Build.0 = Debug|iPhoneSimulator
		{32CAF954-C0B7-46E8-81AB-7DA822A27C44}.AdHoc|Mixed Platforms.ActiveCfg = Ad-Hoc|iPhoneSimulator
		{32CAF954-C0B7-46E8-81AB-7DA822A27C44}.AdHoc|Mixed Platforms.Build.0 = Ad-Hoc|iPhoneSimulator
		{32CAF954-C0B7-46E8-81AB-7DA822A27C44}.Ad-Hoc|Mixed Platforms.ActiveCfg = Ad-Hoc|iPhone
		{32CAF954-C0B7-46E8-81AB-7DA822A27C44}.Ad-Hoc|Mixed Platforms.Build.0 = Ad-Hoc|iPhone
		{32CAF954-C0B7-46E8-81AB-7DA822A27C44}.AppStore|Any CPU.ActiveCfg = AppStore|iPhone
		{32CAF954-C0B7-46E8-81AB-7DA822A27C44}.AppStore|Any CPU.Build.0 = AppStore|iPhone
		{32CAF954-C0B7-46E8-81AB-7DA822A27C44}.AppStore|iPhone.ActiveCfg = AppStore|iPhone
		{32CAF954-C0B7-46E8-81AB-7DA822A27C44}.AppStore|iPhone.Build.0 = AppStore|iPhone
		{32CAF954-C0B7-46E8-81AB-7DA822A27C44}.AppStore|iPhoneSimulator.ActiveCfg = Debug|iPhoneSimulator
		{32CAF954-C0B7-46E8-81AB-7DA822A27C44}.AppStore|iPhoneSimulator.Build.0 = Debug|iPhoneSimulator
		{32CAF954-C0B7-46E8-81AB-7DA822A27C44}.AppStore|Mixed Platforms.ActiveCfg = AppStore|iPhone
		{32CAF954-C0B7-46E8-81AB-7DA822A27C44}.AppStore|Mixed Platforms.Build.0 = AppStore|iPhone
		{32CAF954-C0B7-46E8-81AB-7DA822A27C44}.Debug|Any CPU.ActiveCfg = Debug|iPhoneSimulator
		{32CAF954-C0B7-46E8-81AB-7DA822A27C44}.Debug|Any CPU.Build.0 = Debug|iPhoneSimulator
		{32CAF954-C0B7-46E8-81AB-7DA822A27C44}.Debug|iPhone.ActiveCfg = Debug|iPhone
		{32CAF954-C0B7-46E8-81AB-7DA822A27C44}.Debug|iPhone.Build.0 = Debug|iPhone
		{32CAF954-C0B7-46E8-81AB-7DA822A27C44}.Debug|iPhoneSimulator.ActiveCfg = Debug|iPhoneSimulator
		{32CAF954-C0B7-46E8-81AB-7DA822A27C44}.Debug|iPhoneSimulator.Build.0 = Debug|iPhoneSimulator
		{32CAF954-C0B7-46E8-81AB-7DA822A27C44}.Debug|Mixed Platforms.ActiveCfg = Debug|iPhoneSimulator
		{32CAF954-C0B7-46E8-81AB-7DA822A27C44}.Debug|Mixed Platforms.Build.0 = Debug|iPhoneSimulator
		{32CAF954-C0B7-46E8-81AB-7DA822A27C44}.Release|Any CPU.ActiveCfg = Release|iPhoneSimulator
		{32CAF954-C0B7-46E8-81AB-7DA822A27C44}.Release|Any CPU.Build.0 = Release|iPhoneSimulator
		{32CAF954-C0B7-46E8-81AB-7DA822A27C44}.Release|iPhone.ActiveCfg = Release|iPhone
		{32CAF954-C0B7-46E8-81AB-7DA822A27C44}.Release|iPhone.Build.0 = Release|iPhone
		{32CAF954-C0B7-46E8-81AB-7DA822A27C44}.Release|iPhoneSimulator.ActiveCfg = Release|iPhoneSimulator
		{32CAF954-C0B7-46E8-81AB-7DA822A27C44}.Release|iPhoneSimulator.Build.0 = Release|iPhoneSimulator
		{32CAF954-C0B7-46E8-81AB-7DA822A27C44}.Release|Mixed Platforms.ActiveCfg = Release|iPhoneSimulator
		{32CAF954-C0B7-46E8-81AB-7DA822A27C44}.Release|Mixed Platforms.Build.0 = Release|iPhoneSimulator
		{C99DA1D4-5B1D-4388-B2B2-E2F8451479F6}.AdHoc|Any CPU.ActiveCfg = Release|Any CPU
		{C99DA1D4-5B1D-4388-B2B2-E2F8451479F6}.AdHoc|Any CPU.Build.0 = Release|Any CPU
		{C99DA1D4-5B1D-4388-B2B2-E2F8451479F6}.Ad-Hoc|Any CPU.ActiveCfg = Release|Any CPU
		{C99DA1D4-5B1D-4388-B2B2-E2F8451479F6}.Ad-Hoc|Any CPU.Build.0 = Release|Any CPU
		{C99DA1D4-5B1D-4388-B2B2-E2F8451479F6}.AdHoc|iPhone.ActiveCfg = Release|Any CPU
		{C99DA1D4-5B1D-4388-B2B2-E2F8451479F6}.Ad-Hoc|iPhone.ActiveCfg = Release|Any CPU
		{C99DA1D4-5B1D-4388-B2B2-E2F8451479F6}.AdHoc|iPhoneSimulator.ActiveCfg = Release|Any CPU
		{C99DA1D4-5B1D-4388-B2B2-E2F8451479F6}.Ad-Hoc|iPhoneSimulator.ActiveCfg = Release|Any CPU
		{C99DA1D4-5B1D-4388-B2B2-E2F8451479F6}.AdHoc|Mixed Platforms.ActiveCfg = Release|Any CPU
		{C99DA1D4-5B1D-4388-B2B2-E2F8451479F6}.AdHoc|Mixed Platforms.Build.0 = Release|Any CPU
		{C99DA1D4-5B1D-4388-B2B2-E2F8451479F6}.Ad-Hoc|Mixed Platforms.ActiveCfg = Release|Any CPU
		{C99DA1D4-5B1D-4388-B2B2-E2F8451479F6}.Ad-Hoc|Mixed Platforms.Build.0 = Release|Any CPU
		{C99DA1D4-5B1D-4388-B2B2-E2F8451479F6}.AppStore|Any CPU.ActiveCfg = Release|Any CPU
		{C99DA1D4-5B1D-4388-B2B2-E2F8451479F6}.AppStore|Any CPU.Build.0 = Release|Any CPU
		{C99DA1D4-5B1D-4388-B2B2-E2F8451479F6}.AppStore|iPhone.ActiveCfg = Release|Any CPU
		{C99DA1D4-5B1D-4388-B2B2-E2F8451479F6}.AppStore|iPhoneSimulator.ActiveCfg = Release|Any CPU
		{C99DA1D4-5B1D-4388-B2B2-E2F8451479F6}.AppStore|Mixed Platforms.ActiveCfg = Release|Any CPU
		{C99DA1D4-5B1D-4388-B2B2-E2F8451479F6}.AppStore|Mixed Platforms.Build.0 = Release|Any CPU
		{C99DA1D4-5B1D-4388-B2B2-E2F8451479F6}.Debug|Any CPU.ActiveCfg = Debug|Any CPU
		{C99DA1D4-5B1D-4388-B2B2-E2F8451479F6}.Debug|Any CPU.Build.0 = Debug|Any CPU
		{C99DA1D4-5B1D-4388-B2B2-E2F8451479F6}.Debug|iPhone.ActiveCfg = Debug|Any CPU
		{C99DA1D4-5B1D-4388-B2B2-E2F8451479F6}.Debug|iPhoneSimulator.ActiveCfg = Debug|Any CPU
		{C99DA1D4-5B1D-4388-B2B2-E2F8451479F6}.Debug|Mixed Platforms.ActiveCfg = Debug|Any CPU
		{C99DA1D4-5B1D-4388-B2B2-E2F8451479F6}.Debug|Mixed Platforms.Build.0 = Debug|Any CPU
		{C99DA1D4-5B1D-4388-B2B2-E2F8451479F6}.Release|Any CPU.ActiveCfg = Release|Any CPU
		{C99DA1D4-5B1D-4388-B2B2-E2F8451479F6}.Release|Any CPU.Build.0 = Release|Any CPU
		{C99DA1D4-5B1D-4388-B2B2-E2F8451479F6}.Release|iPhone.ActiveCfg = Release|Any CPU
		{C99DA1D4-5B1D-4388-B2B2-E2F8451479F6}.Release|iPhoneSimulator.ActiveCfg = Release|Any CPU
		{C99DA1D4-5B1D-4388-B2B2-E2F8451479F6}.Release|Mixed Platforms.ActiveCfg = Release|Any CPU
		{C99DA1D4-5B1D-4388-B2B2-E2F8451479F6}.Release|Mixed Platforms.Build.0 = Release|Any CPU
		{89DC061B-1853-4100-AADF-EC051F4A21C0}.AdHoc|Any CPU.ActiveCfg = Release|Any CPU
		{89DC061B-1853-4100-AADF-EC051F4A21C0}.AdHoc|Any CPU.Build.0 = Release|Any CPU
		{89DC061B-1853-4100-AADF-EC051F4A21C0}.Ad-Hoc|Any CPU.ActiveCfg = Release|Any CPU
		{89DC061B-1853-4100-AADF-EC051F4A21C0}.Ad-Hoc|Any CPU.Build.0 = Release|Any CPU
		{89DC061B-1853-4100-AADF-EC051F4A21C0}.AdHoc|iPhone.ActiveCfg = Release|Any CPU
		{89DC061B-1853-4100-AADF-EC051F4A21C0}.Ad-Hoc|iPhone.ActiveCfg = Release|Any CPU
		{89DC061B-1853-4100-AADF-EC051F4A21C0}.AdHoc|iPhoneSimulator.ActiveCfg = Release|Any CPU
		{89DC061B-1853-4100-AADF-EC051F4A21C0}.Ad-Hoc|iPhoneSimulator.ActiveCfg = Release|Any CPU
		{89DC061B-1853-4100-AADF-EC051F4A21C0}.AdHoc|Mixed Platforms.ActiveCfg = Release|Any CPU
		{89DC061B-1853-4100-AADF-EC051F4A21C0}.AdHoc|Mixed Platforms.Build.0 = Release|Any CPU
		{89DC061B-1853-4100-AADF-EC051F4A21C0}.Ad-Hoc|Mixed Platforms.ActiveCfg = Release|Any CPU
		{89DC061B-1853-4100-AADF-EC051F4A21C0}.Ad-Hoc|Mixed Platforms.Build.0 = Release|Any CPU
		{89DC061B-1853-4100-AADF-EC051F4A21C0}.AppStore|Any CPU.ActiveCfg = Release|Any CPU
		{89DC061B-1853-4100-AADF-EC051F4A21C0}.AppStore|Any CPU.Build.0 = Release|Any CPU
		{89DC061B-1853-4100-AADF-EC051F4A21C0}.AppStore|iPhone.ActiveCfg = Release|Any CPU
		{89DC061B-1853-4100-AADF-EC051F4A21C0}.AppStore|iPhoneSimulator.ActiveCfg = Release|Any CPU
		{89DC061B-1853-4100-AADF-EC051F4A21C0}.AppStore|Mixed Platforms.ActiveCfg = Release|Any CPU
		{89DC061B-1853-4100-AADF-EC051F4A21C0}.AppStore|Mixed Platforms.Build.0 = Release|Any CPU
		{89DC061B-1853-4100-AADF-EC051F4A21C0}.Debug|Any CPU.ActiveCfg = Debug|Any CPU
		{89DC061B-1853-4100-AADF-EC051F4A21C0}.Debug|Any CPU.Build.0 = Debug|Any CPU
		{89DC061B-1853-4100-AADF-EC051F4A21C0}.Debug|iPhone.ActiveCfg = Debug|Any CPU
		{89DC061B-1853-4100-AADF-EC051F4A21C0}.Debug|iPhoneSimulator.ActiveCfg = Debug|Any CPU
		{89DC061B-1853-4100-AADF-EC051F4A21C0}.Debug|Mixed Platforms.ActiveCfg = Debug|Any CPU
		{89DC061B-1853-4100-AADF-EC051F4A21C0}.Debug|Mixed Platforms.Build.0 = Debug|Any CPU
		{89DC061B-1853-4100-AADF-EC051F4A21C0}.Release|Any CPU.ActiveCfg = Release|Any CPU
		{89DC061B-1853-4100-AADF-EC051F4A21C0}.Release|Any CPU.Build.0 = Release|Any CPU
		{89DC061B-1853-4100-AADF-EC051F4A21C0}.Release|iPhone.ActiveCfg = Release|Any CPU
		{89DC061B-1853-4100-AADF-EC051F4A21C0}.Release|iPhoneSimulator.ActiveCfg = Release|Any CPU
		{89DC061B-1853-4100-AADF-EC051F4A21C0}.Release|Mixed Platforms.ActiveCfg = Release|Any CPU
		{89DC061B-1853-4100-AADF-EC051F4A21C0}.Release|Mixed Platforms.Build.0 = Release|Any CPU
	EndGlobalSection
	GlobalSection(SolutionProperties) = preSolution
		HideSolutionNode = FALSE
	EndGlobalSection
	GlobalSection(MonoDevelopProperties) = preSolution
		StartupItem = CCBoise.iOSApp\CCBoise.iOSApp.csproj
	EndGlobalSection
EndGlobal
