
Microsoft Visual Studio Solution File, Format Version 11.00
# Visual Studio 2010
Project("{FAE04EC0-301F-11D3-BF4B-00C04F79EFBC}") = "CCBoise.Core", "CCBoise.Core\CCBoise.Core.csproj", "{29224B51-C341-44F2-A295-365321A06000}"
EndProject
Project("{FAE04EC0-301F-11D3-BF4B-00C04F79EFBC}") = "CCBoise.iOSApp", "CCBoise.iOSApp\CCBoise.iOSApp.csproj", "{B0B7C32B-D1CE-4F95-B879-EF1C87A38774}"
EndProject
Global
	GlobalSection(SolutionConfigurationPlatforms) = preSolution
		Debug|Any CPU = Debug|Any CPU
		Release|Any CPU = Release|Any CPU
		Debug|iPhoneSimulator = Debug|iPhoneSimulator
		Release|iPhoneSimulator = Release|iPhoneSimulator
		Debug|iPhone = Debug|iPhone
		Release|iPhone = Release|iPhone
		Ad-Hoc|iPhone = Ad-Hoc|iPhone
		AppStore|iPhone = AppStore|iPhone
	EndGlobalSection
	GlobalSection(ProjectConfigurationPlatforms) = postSolution
		{29224B51-C341-44F2-A295-365321A06000}.Ad-Hoc|iPhone.ActiveCfg = Debug|Any CPU
		{29224B51-C341-44F2-A295-365321A06000}.Ad-Hoc|iPhone.Build.0 = Debug|Any CPU
		{29224B51-C341-44F2-A295-365321A06000}.AppStore|iPhone.ActiveCfg = Debug|Any CPU
		{29224B51-C341-44F2-A295-365321A06000}.AppStore|iPhone.Build.0 = Debug|Any CPU
		{29224B51-C341-44F2-A295-365321A06000}.Debug|Any CPU.ActiveCfg = Debug|Any CPU
		{29224B51-C341-44F2-A295-365321A06000}.Debug|Any CPU.Build.0 = Debug|Any CPU
		{29224B51-C341-44F2-A295-365321A06000}.Debug|iPhone.ActiveCfg = Debug|Any CPU
		{29224B51-C341-44F2-A295-365321A06000}.Debug|iPhone.Build.0 = Debug|Any CPU
		{29224B51-C341-44F2-A295-365321A06000}.Debug|iPhoneSimulator.ActiveCfg = Debug|Any CPU
		{29224B51-C341-44F2-A295-365321A06000}.Debug|iPhoneSimulator.Build.0 = Debug|Any CPU
		{29224B51-C341-44F2-A295-365321A06000}.Release|Any CPU.ActiveCfg = Release|Any CPU
		{29224B51-C341-44F2-A295-365321A06000}.Release|Any CPU.Build.0 = Release|Any CPU
		{29224B51-C341-44F2-A295-365321A06000}.Release|iPhone.ActiveCfg = Release|Any CPU
		{29224B51-C341-44F2-A295-365321A06000}.Release|iPhone.Build.0 = Release|Any CPU
		{29224B51-C341-44F2-A295-365321A06000}.Release|iPhoneSimulator.ActiveCfg = Release|Any CPU
		{29224B51-C341-44F2-A295-365321A06000}.Release|iPhoneSimulator.Build.0 = Release|Any CPU
		{B0B7C32B-D1CE-4F95-B879-EF1C87A38774}.Ad-Hoc|iPhone.ActiveCfg = Ad-Hoc|iPhone
		{B0B7C32B-D1CE-4F95-B879-EF1C87A38774}.Ad-Hoc|iPhone.Build.0 = Ad-Hoc|iPhone
		{B0B7C32B-D1CE-4F95-B879-EF1C87A38774}.AppStore|iPhone.ActiveCfg = AppStore|iPhone
		{B0B7C32B-D1CE-4F95-B879-EF1C87A38774}.AppStore|iPhone.Build.0 = AppStore|iPhone
		{B0B7C32B-D1CE-4F95-B879-EF1C87A38774}.Debug|Any CPU.ActiveCfg = Debug|iPhoneSimulator
		{B0B7C32B-D1CE-4F95-B879-EF1C87A38774}.Debug|Any CPU.Build.0 = Debug|iPhoneSimulator
		{B0B7C32B-D1CE-4F95-B879-EF1C87A38774}.Debug|iPhone.ActiveCfg = Debug|iPhone
		{B0B7C32B-D1CE-4F95-B879-EF1C87A38774}.Debug|iPhone.Build.0 = Debug|iPhone
		{B0B7C32B-D1CE-4F95-B879-EF1C87A38774}.Debug|iPhoneSimulator.ActiveCfg = Debug|iPhoneSimulator
		{B0B7C32B-D1CE-4F95-B879-EF1C87A38774}.Debug|iPhoneSimulator.Build.0 = Debug|iPhoneSimulator
		{B0B7C32B-D1CE-4F95-B879-EF1C87A38774}.Release|Any CPU.ActiveCfg = Release|iPhoneSimulator
		{B0B7C32B-D1CE-4F95-B879-EF1C87A38774}.Release|Any CPU.Build.0 = Release|iPhoneSimulator
		{B0B7C32B-D1CE-4F95-B879-EF1C87A38774}.Release|iPhone.ActiveCfg = Release|iPhone
		{B0B7C32B-D1CE-4F95-B879-EF1C87A38774}.Release|iPhone.Build.0 = Release|iPhone
		{B0B7C32B-D1CE-4F95-B879-EF1C87A38774}.Release|iPhoneSimulator.ActiveCfg = Release|iPhoneSimulator
		{B0B7C32B-D1CE-4F95-B879-EF1C87A38774}.Release|iPhoneSimulator.Build.0 = Release|iPhoneSimulator
	EndGlobalSection
	GlobalSection(MonoDevelopProperties) = preSolution
		StartupItem = CCBoise.iOSApp\CCBoise.iOSApp.csproj
	EndGlobalSection
EndGlobal
